Microsoft Visual Studio Solution File, Format Version 12.00
# Visual Studio Version 17
VisualStudioVersion = 17.5.2.0
MinimumVisualStudioVersion = 10.0.40219.1
Project("{2150E333-8FDC-42A3-9474-1A3956D46DE8}") = "MyMoneyApi", "MyMoneyApi", "{F210D709-3272-6344-79BA-AA1CEC0BC983}"
EndProject
Project("{FAE04EC0-301F-11D3-BF4B-00C04F79EFBC}") = "MyMoneyApi", "MyMoneyApi\MyMoneyApi\MyMoneyApi.csproj", "{2850A52D-9948-730F-FD65-4056D7D0C440}"
EndProject
Global
	GlobalSection(SolutionConfigurationPlatforms) = preSolution
		Debug|Any CPU = Debug|Any CPU
		Release|Any CPU = Release|Any CPU
	EndGlobalSection
	GlobalSection(ProjectConfigurationPlatforms) = postSolution
		{2850A52D-9948-730F-FD65-4056D7D0C440}.Debug|Any CPU.ActiveCfg = Debug|Any CPU
		{2850A52D-9948-730F-FD65-4056D7D0C440}.Debug|Any CPU.Build.0 = Debug|Any CPU
		{2850A52D-9948-730F-FD65-4056D7D0C440}.Release|Any CPU.ActiveCfg = Release|Any CPU
		{2850A52D-9948-730F-FD65-4056D7D0C440}.Release|Any CPU.Build.0 = Release|Any CPU
	EndGlobalSection
	GlobalSection(SolutionProperties) = preSolution
		HideSolutionNode = FALSE
	EndGlobalSection
	GlobalSection(NestedProjects) = preSolution
		{2850A52D-9948-730F-FD65-4056D7D0C440} = {F210D709-3272-6344-79BA-AA1CEC0BC983}
	EndGlobalSection
	GlobalSection(ExtensibilityGlobals) = postSolution
		SolutionGuid = {B87AF6E2-6A93-4F48-A537-E82050A0F451}
	EndGlobalSection
EndGlobal
